
Microsoft Visual Studio Solution File, Format Version 12.00
# Visual Studio Version 16
VisualStudioVersion = 16.0.29519.181
MinimumVisualStudioVersion = 10.0.40219.1
Project("{FAE04EC0-301F-11D3-BF4B-00C04F79EFBC}") = "Laboratorio_OrdemServico", "Laboratorio_OrdemServico\Laboratorio_OrdemServico.csproj", "{93DEC91F-5BE7-4FDB-9328-2FD49EEC2C60}"
EndProject
Global
	GlobalSection(SolutionConfigurationPlatforms) = preSolution
		Debug|Any CPU = Debug|Any CPU
		Release|Any CPU = Release|Any CPU
	EndGlobalSection
	GlobalSection(ProjectConfigurationPlatforms) = postSolution
		{93DEC91F-5BE7-4FDB-9328-2FD49EEC2C60}.Debug|Any CPU.ActiveCfg = Debug|Any CPU
		{93DEC91F-5BE7-4FDB-9328-2FD49EEC2C60}.Debug|Any CPU.Build.0 = Debug|Any CPU
		{93DEC91F-5BE7-4FDB-9328-2FD49EEC2C60}.Release|Any CPU.ActiveCfg = Release|Any CPU
		{93DEC91F-5BE7-4FDB-9328-2FD49EEC2C60}.Release|Any CPU.Build.0 = Release|Any CPU
	EndGlobalSection
	GlobalSection(SolutionProperties) = preSolution
		HideSolutionNode = FALSE
	EndGlobalSection
	GlobalSection(ExtensibilityGlobals) = postSolution
		SolutionGuid = {126D47A8-910D-4A97-A659-EDC07B75B6CB}
	EndGlobalSection
EndGlobal
